{
  "requires": true,
  "lockfileVersion": 1,
  "dependencies": {
    "@types/chartist": {
      "version": "1.0.0",
      "resolved": "https://registry.npmjs.org/@types/chartist/-/chartist-1.0.0.tgz",
      "integrity": "sha512-c0hsN67D+e1M0Eh7VSGT0b28o/YqC034jttS1AE2s80EVmlYjDzSn9+l3L0c46T9pPQSlVvqj3hMm+fw2Y+uaw==",
      "dev": true,
      "requires": {
        "chartist": "*"
      }
    },
    "chartist": {
      "version": "1.3.0",
      "resolved": "https://registry.npmjs.org/chartist/-/chartist-1.3.0.tgz",
      "integrity": "sha512-M3ckI3ua7EHt08WLZvdi3QXn5g+in27qU6TxjI5bpriS6QwIZlWtisyUhFbpGclW546SlT3SL9oq0vFFDiAo6g==",
      "dev": true
    }
  }
}
